{
  "version": "2",
  "remote": {
    "https://deno.land/std@0.167.0/encoding/base64.ts": "8605e018e49211efc767686f6f687827d7f5fd5217163e981d8d693105640d7a",
    "https://deno.land/std@0.167.0/encoding/base64url.ts": "0283b12fcd306c11e3cf26fc022fecc800c6acc19704ea8bdb3908898fcd06d6",
    "https://deno.land/std@0.167.0/encoding/hex.ts": "b51e99b684486a3ad2406807a8be953f5ef8bac95af202774a759f9fcf0d87a6",
    "https://deno.land/std@0.167.0/fmt/colors.ts": "03ad95e543d2808bc43c17a3dd29d25b43d0f16287fe562a0be89bf632454a12",
    "https://deno.land/std@0.167.0/testing/_diff.ts": "a23e7fc2b4d8daa3e158fa06856bedf5334ce2a2831e8bf9e509717f455adb2c",
    "https://deno.land/std@0.167.0/testing/_format.ts": "cd11136e1797791045e639e9f0f4640d5b4166148796cad37e6ef75f7d7f3832",
    "https://deno.land/std@0.167.0/testing/asserts.ts": "51353e79437361d4b02d8e32f3fc83b22231bc8f8d4c841d86fd32b0b0afe940",
    "https://deno.land/x/cbor@v1.4.1/decode.js": "7d5bf9c6cf1389a60bef978ba0046e13080d230b636d8c7b8259d2beb7aa3985",
    "https://deno.land/x/cbor@v1.4.1/encode.js": "fc5068300e225c779f6a5fbf9bbaf74cb9b432f86e832c4f5db484767421bdae",
    "https://deno.land/x/cbor@v1.4.1/index.js": "4119830fb6d106ec2a369442042803d57cff13cbc76f6aefc2f871aeb6e6bef5",
    "https://deno.land/x/cbor@v1.4.1/iterators.js": "744e0469fe37c33bab3787608ced2f2cda014cb9352b3adbd949a2701f043aea"
  }
}
